
Microsoft Visual Studio Solution File, Format Version 12.00
# Visual Studio Version 17
VisualStudioVersion = 17.1.32328.378
MinimumVisualStudioVersion = 10.0.40219.1
Project("{FAE04EC0-301F-11D3-BF4B-00C04F79EFBC}") = "IEAPTLab2", "IEAPTLab2\IEAPTLab2.csproj", "{87B2E323-D966-4F44-B1A5-EE718C01676B}"
EndProject
Global
	GlobalSection(SolutionConfigurationPlatforms) = preSolution
		Debug|Any CPU = Debug|Any CPU
		Release|Any CPU = Release|Any CPU
	EndGlobalSection
	GlobalSection(ProjectConfigurationPlatforms) = postSolution
		{87B2E323-D966-4F44-B1A5-EE718C01676B}.Debug|Any CPU.ActiveCfg = Debug|Any CPU
		{87B2E323-D966-4F44-B1A5-EE718C01676B}.Debug|Any CPU.Build.0 = Debug|Any CPU
		{87B2E323-D966-4F44-B1A5-EE718C01676B}.Release|Any CPU.ActiveCfg = Release|Any CPU
		{87B2E323-D966-4F44-B1A5-EE718C01676B}.Release|Any CPU.Build.0 = Release|Any CPU
	EndGlobalSection
	GlobalSection(SolutionProperties) = preSolution
		HideSolutionNode = FALSE
	EndGlobalSection
	GlobalSection(ExtensibilityGlobals) = postSolution
		SolutionGuid = {24167F9A-9C6C-4BA0-A9DE-40A348B51907}
	EndGlobalSection
EndGlobal
